
Microsoft Visual Studio Solution File, Format Version 12.00
# Visual Studio Version 16
VisualStudioVersion = 16.0.31321.278
MinimumVisualStudioVersion = 10.0.40219.1
Project("{FAE04EC0-301F-11D3-BF4B-00C04F79EFBC}") = "ConsoleApp1", "ConsoleApp1\ConsoleApp1.csproj", "{5822B06F-E80A-46D7-AF90-64B84B3A2EC8}"
EndProject
Global
	GlobalSection(SolutionConfigurationPlatforms) = preSolution
		Debug|Any CPU = Debug|Any CPU
		Release|Any CPU = Release|Any CPU
	EndGlobalSection
	GlobalSection(ProjectConfigurationPlatforms) = postSolution
		{5822B06F-E80A-46D7-AF90-64B84B3A2EC8}.Debug|Any CPU.ActiveCfg = Debug|Any CPU
		{5822B06F-E80A-46D7-AF90-64B84B3A2EC8}.Debug|Any CPU.Build.0 = Debug|Any CPU
		{5822B06F-E80A-46D7-AF90-64B84B3A2EC8}.Release|Any CPU.ActiveCfg = Release|Any CPU
		{5822B06F-E80A-46D7-AF90-64B84B3A2EC8}.Release|Any CPU.Build.0 = Release|Any CPU
	EndGlobalSection
	GlobalSection(SolutionProperties) = preSolution
		HideSolutionNode = FALSE
	EndGlobalSection
	GlobalSection(ExtensibilityGlobals) = postSolution
		SolutionGuid = {8812530C-1196-429F-9964-0609E92E3EF2}
	EndGlobalSection
EndGlobal
